
Microsoft Visual Studio Solution File, Format Version 11.00
# Visual Studio 2010
Project("{FAE04EC0-301F-11D3-BF4B-00C04F79EFBC}") = "Assembly-CSharp", "Assembly-CSharp.csproj", "{03898850-D728-02ED-FB21-53FFD0F7EDC2}"
EndProject
Project("{FAE04EC0-301F-11D3-BF4B-00C04F79EFBC}") = "Assembly-CSharp-Editor", "Assembly-CSharp-Editor.csproj", "{D4C71ED7-DD34-BD4E-B9C3-3F83FEF80B18}"
EndProject
Global
	GlobalSection(SolutionConfigurationPlatforms) = preSolution
		Debug|Any CPU = Debug|Any CPU
		Release|Any CPU = Release|Any CPU
	EndGlobalSection
	GlobalSection(ProjectConfigurationPlatforms) = postSolution
		{03898850-D728-02ED-FB21-53FFD0F7EDC2}.Debug|Any CPU.ActiveCfg = Debug|Any CPU
		{03898850-D728-02ED-FB21-53FFD0F7EDC2}.Debug|Any CPU.Build.0 = Debug|Any CPU
		{03898850-D728-02ED-FB21-53FFD0F7EDC2}.Release|Any CPU.ActiveCfg = Release|Any CPU
		{03898850-D728-02ED-FB21-53FFD0F7EDC2}.Release|Any CPU.Build.0 = Release|Any CPU
		{D4C71ED7-DD34-BD4E-B9C3-3F83FEF80B18}.Debug|Any CPU.ActiveCfg = Debug|Any CPU
		{D4C71ED7-DD34-BD4E-B9C3-3F83FEF80B18}.Debug|Any CPU.Build.0 = Debug|Any CPU
		{D4C71ED7-DD34-BD4E-B9C3-3F83FEF80B18}.Release|Any CPU.ActiveCfg = Release|Any CPU
		{D4C71ED7-DD34-BD4E-B9C3-3F83FEF80B18}.Release|Any CPU.Build.0 = Release|Any CPU
	EndGlobalSection
	GlobalSection(SolutionProperties) = preSolution
		HideSolutionNode = FALSE
	EndGlobalSection
EndGlobal
